// !$*UTF8*$!
{
	archiveVersion = 1;
	classes = {
	};
	objectVersion = 46;
	objects = {

/* Begin PBXBuildFile section */
		9E617EAF1D497D5E00A39F4A /* Preprocessor.js in Resources */ = {isa = PBXBuildFile; fileRef = 9E617EAE1D497D5E00A39F4A /* Preprocessor.js */; };
		9E6E93E91D370B7D00181BED /* BlocNotes.xcdatamodeld in Sources */ = {isa = PBXBuildFile; fileRef = 9E79726E1D172FF900CC0B1E /* BlocNotes.xcdatamodeld */; };
		9E6E93EA1D37156500181BED /* NewEntryViewController.m in Sources */ = {isa = PBXBuildFile; fileRef = 9E79728B1D18558F00CC0B1E /* NewEntryViewController.m */; };
		9E7972641D172FF900CC0B1E /* main.m in Sources */ = {isa = PBXBuildFile; fileRef = 9E7972631D172FF900CC0B1E /* main.m */; };
		9E7972671D172FF900CC0B1E /* AppDelegate.m in Sources */ = {isa = PBXBuildFile; fileRef = 9E7972661D172FF900CC0B1E /* AppDelegate.m */; };
		9E7972701D172FF900CC0B1E /* BlocNotes.xcdatamodeld in Sources */ = {isa = PBXBuildFile; fileRef = 9E79726E1D172FF900CC0B1E /* BlocNotes.xcdatamodeld */; };
		9E7972721D172FF900CC0B1E /* Assets.xcassets in Resources */ = {isa = PBXBuildFile; fileRef = 9E7972711D172FF900CC0B1E /* Assets.xcassets */; };
		9E7972751D172FF900CC0B1E /* LaunchScreen.storyboard in Resources */ = {isa = PBXBuildFile; fileRef = 9E7972731D172FF900CC0B1E /* LaunchScreen.storyboard */; };
		9E79727E1D1734DA00CC0B1E /* CoreDataStack.m in Sources */ = {isa = PBXBuildFile; fileRef = 9E79727D1D1734DA00CC0B1E /* CoreDataStack.m */; };
		9E7972801D17368000CC0B1E /* CoreData.framework in Frameworks */ = {isa = PBXBuildFile; fileRef = 9E79727F1D17368000CC0B1E /* CoreData.framework */; };
		9E7972861D173AD200CC0B1E /* NoteEntry.m in Sources */ = {isa = PBXBuildFile; fileRef = 9E7972841D173AD200CC0B1E /* NoteEntry.m */; };
		9E7972891D184E5D00CC0B1E /* NoteEntryListViewController.m in Sources */ = {isa = PBXBuildFile; fileRef = 9E7972881D184E5D00CC0B1E /* NoteEntryListViewController.m */; };
		9E79728C1D18558F00CC0B1E /* NewEntryViewController.m in Sources */ = {isa = PBXBuildFile; fileRef = 9E79728B1D18558F00CC0B1E /* NewEntryViewController.m */; };
		9EAFB0CF1D50EC6B00FF134B /* SettingsViewController.m in Sources */ = {isa = PBXBuildFile; fileRef = 9EAFB0CE1D50EC6B00FF134B /* SettingsViewController.m */; };
		9EDB0AAB1D1B58DB0096D188 /* NoteEntry+CoreDataProperties.m in Sources */ = {isa = PBXBuildFile; fileRef = 9EDB0AAA1D1B58DB0096D188 /* NoteEntry+CoreDataProperties.m */; };
		9EEC3EC61D26FEE8001753BE /* MainInterface.storyboard in Resources */ = {isa = PBXBuildFile; fileRef = 9EEC3EC41D26FEE8001753BE /* MainInterface.storyboard */; };
		9EEC3ECA1D26FEE8001753BE /* AddToBlocNotes.appex in Embed App Extensions */ = {isa = PBXBuildFile; fileRef = 9EEC3EBF1D26FEE8001753BE /* AddToBlocNotes.appex */; settings = {ATTRIBUTES = (RemoveHeadersOnCopy, ); }; };
		9EEC3ED91D28693F001753BE /* ShareViewController.m in Sources */ = {isa = PBXBuildFile; fileRef = 9EEC3EC21D26FEE8001753BE /* ShareViewController.m */; };
		9EEC3EDA1D286946001753BE /* CoreDataStack.m in Sources */ = {isa = PBXBuildFile; fileRef = 9E79727D1D1734DA00CC0B1E /* CoreDataStack.m */; };
		9EEC3EDB1D286C64001753BE /* NoteEntry.m in Sources */ = {isa = PBXBuildFile; fileRef = 9E7972841D173AD200CC0B1E /* NoteEntry.m */; };
/* End PBXBuildFile section */

/* Begin PBXContainerItemProxy section */
		9EEC3EC81D26FEE8001753BE /* PBXContainerItemProxy */ = {
			isa = PBXContainerItemProxy;
			containerPortal = 9E7972571D172FF900CC0B1E /* Project object */;
			proxyType = 1;
			remoteGlobalIDString = 9EEC3EBE1D26FEE8001753BE;
			remoteInfo = AddToBlocNotes;
		};
/* End PBXContainerItemProxy section */

/* Begin PBXCopyFilesBuildPhase section */
		9EEC3ECE1D26FEE8001753BE /* Embed App Extensions */ = {
			isa = PBXCopyFilesBuildPhase;
			buildActionMask = 2147483647;
			dstPath = "";
			dstSubfolderSpec = 13;
			files = (
				9EEC3ECA1D26FEE8001753BE /* AddToBlocNotes.appex in Embed App Extensions */,
			);
			name = "Embed App Extensions";
			runOnlyForDeploymentPostprocessing = 0;
		};
/* End PBXCopyFilesBuildPhase section */

/* Begin PBXFileReference section */
		9E47C9F31D29F95800B4EAD3 /* BlocNotes.entitlements */ = {isa = PBXFileReference; lastKnownFileType = text.xml; path = BlocNotes.entitlements; sourceTree = "<group>"; };
		9E617EAE1D497D5E00A39F4A /* Preprocessor.js */ = {isa = PBXFileReference; fileEncoding = 4; lastKnownFileType = sourcecode.javascript; path = Preprocessor.js; sourceTree = "<group>"; };
		9E72D9DF1D29DEEB00F65145 /* AddToBlocNotes.entitlements */ = {isa = PBXFileReference; lastKnownFileType = text.xml; path = AddToBlocNotes.entitlements; sourceTree = "<group>"; };
		9E79725F1D172FF900CC0B1E /* BlocNotes.app */ = {isa = PBXFileReference; explicitFileType = wrapper.application; includeInIndex = 0; path = BlocNotes.app; sourceTree = BUILT_PRODUCTS_DIR; };
		9E7972631D172FF900CC0B1E /* main.m */ = {isa = PBXFileReference; lastKnownFileType = sourcecode.c.objc; path = main.m; sourceTree = "<group>"; };
		9E7972651D172FF900CC0B1E /* AppDelegate.h */ = {isa = PBXFileReference; lastKnownFileType = sourcecode.c.h; path = AppDelegate.h; sourceTree = "<group>"; };
		9E7972661D172FF900CC0B1E /* AppDelegate.m */ = {isa = PBXFileReference; lastKnownFileType = sourcecode.c.objc; path = AppDelegate.m; sourceTree = "<group>"; };
		9E79726F1D172FF900CC0B1E /* BlocNotes.xcdatamodel */ = {isa = PBXFileReference; lastKnownFileType = wrapper.xcdatamodel; path = BlocNotes.xcdatamodel; sourceTree = "<group>"; };
		9E7972711D172FF900CC0B1E /* Assets.xcassets */ = {isa = PBXFileReference; lastKnownFileType = folder.assetcatalog; path = Assets.xcassets; sourceTree = "<group>"; };
		9E7972741D172FF900CC0B1E /* Base */ = {isa = PBXFileReference; lastKnownFileType = file.storyboard; name = Base; path = Base.lproj/LaunchScreen.storyboard; sourceTree = "<group>"; };
		9E7972761D172FF900CC0B1E /* Info.plist */ = {isa = PBXFileReference; lastKnownFileType = text.plist.xml; path = Info.plist; sourceTree = "<group>"; };
		9E79727C1D1734DA00CC0B1E /* CoreDataStack.h */ = {isa = PBXFileReference; fileEncoding = 4; lastKnownFileType = sourcecode.c.h; path = CoreDataStack.h; sourceTree = "<group>"; };
		9E79727D1D1734DA00CC0B1E /* CoreDataStack.m */ = {isa = PBXFileReference; fileEncoding = 4; lastKnownFileType = sourcecode.c.objc; path = CoreDataStack.m; sourceTree = "<group>"; };
		9E79727F1D17368000CC0B1E /* CoreData.framework */ = {isa = PBXFileReference; lastKnownFileType = wrapper.framework; name = CoreData.framework; path = System/Library/Frameworks/CoreData.framework; sourceTree = SDKROOT; };
		9E7972831D173AD200CC0B1E /* NoteEntry.h */ = {isa = PBXFileReference; fileEncoding = 4; lastKnownFileType = sourcecode.c.h; name = NoteEntry.h; path = ../NoteEntry.h; sourceTree = "<group>"; };
		9E7972841D173AD200CC0B1E /* NoteEntry.m */ = {isa = PBXFileReference; fileEncoding = 4; lastKnownFileType = sourcecode.c.objc; name = NoteEntry.m; path = ../NoteEntry.m; sourceTree = "<group>"; };
		9E7972871D184E5D00CC0B1E /* NoteEntryListViewController.h */ = {isa = PBXFileReference; fileEncoding = 4; lastKnownFileType = sourcecode.c.h; name = NoteEntryListViewController.h; path = ../NoteEntryListViewController.h; sourceTree = "<group>"; };
		9E7972881D184E5D00CC0B1E /* NoteEntryListViewController.m */ = {isa = PBXFileReference; fileEncoding = 4; lastKnownFileType = sourcecode.c.objc; name = NoteEntryListViewController.m; path = ../NoteEntryListViewController.m; sourceTree = "<group>"; };
		9E79728A1D18558F00CC0B1E /* NewEntryViewController.h */ = {isa = PBXFileReference; fileEncoding = 4; lastKnownFileType = sourcecode.c.h; path = NewEntryViewController.h; sourceTree = "<group>"; };
		9E79728B1D18558F00CC0B1E /* NewEntryViewController.m */ = {isa = PBXFileReference; fileEncoding = 4; lastKnownFileType = sourcecode.c.objc; path = NewEntryViewController.m; sourceTree = "<group>"; };
		9EAFB0CD1D50EC6B00FF134B /* SettingsViewController.h */ = {isa = PBXFileReference; fileEncoding = 4; lastKnownFileType = sourcecode.c.h; path = SettingsViewController.h; sourceTree = "<group>"; };
		9EAFB0CE1D50EC6B00FF134B /* SettingsViewController.m */ = {isa = PBXFileReference; fileEncoding = 4; lastKnownFileType = sourcecode.c.objc; path = SettingsViewController.m; sourceTree = "<group>"; };
		9EDB0AA81D1B21B20096D188 /* BlocNotes 2.xcdatamodel */ = {isa = PBXFileReference; lastKnownFileType = wrapper.xcdatamodel; path = "BlocNotes 2.xcdatamodel"; sourceTree = "<group>"; };
		9EDB0AA91D1B58DB0096D188 /* NoteEntry+CoreDataProperties.h */ = {isa = PBXFileReference; fileEncoding = 4; lastKnownFileType = sourcecode.c.h; name = "NoteEntry+CoreDataProperties.h"; path = "../NoteEntry+CoreDataProperties.h"; sourceTree = "<group>"; };
		9EDB0AAA1D1B58DB0096D188 /* NoteEntry+CoreDataProperties.m */ = {isa = PBXFileReference; fileEncoding = 4; lastKnownFileType = sourcecode.c.objc; name = "NoteEntry+CoreDataProperties.m"; path = "../NoteEntry+CoreDataProperties.m"; sourceTree = "<group>"; };
		9EEC3EBF1D26FEE8001753BE /* AddToBlocNotes.appex */ = {isa = PBXFileReference; explicitFileType = "wrapper.app-extension"; includeInIndex = 0; path = AddToBlocNotes.appex; sourceTree = BUILT_PRODUCTS_DIR; };
		9EEC3EC11D26FEE8001753BE /* ShareViewController.h */ = {isa = PBXFileReference; lastKnownFileType = sourcecode.c.h; path = ShareViewController.h; sourceTree = "<group>"; };
		9EEC3EC21D26FEE8001753BE /* ShareViewController.m */ = {isa = PBXFileReference; lastKnownFileType = sourcecode.c.objc; path = ShareViewController.m; sourceTree = "<group>"; };
		9EEC3EC51D26FEE8001753BE /* Base */ = {isa = PBXFileReference; lastKnownFileType = file.storyboard; name = Base; path = Base.lproj/MainInterface.storyboard; sourceTree = "<group>"; };
		9EEC3EC71D26FEE8001753BE /* Info.plist */ = {isa = PBXFileReference; lastKnownFileType = text.plist.xml; path = Info.plist; sourceTree = "<group>"; };
/* End PBXFileReference section */

/* Begin PBXFrameworksBuildPhase section */
		9E79725C1D172FF900CC0B1E /* Frameworks */ = {
			isa = PBXFrameworksBuildPhase;
			buildActionMask = 2147483647;
			files = (
				9E7972801D17368000CC0B1E /* CoreData.framework in Frameworks */,
			);
			runOnlyForDeploymentPostprocessing = 0;
		};
		9EEC3EBC1D26FEE8001753BE /* Frameworks */ = {
			isa = PBXFrameworksBuildPhase;
			buildActionMask = 2147483647;
			files = (
			);
			runOnlyForDeploymentPostprocessing = 0;
		};
/* End PBXFrameworksBuildPhase section */

/* Begin PBXGroup section */
		9E7972561D172FF900CC0B1E = {
			isa = PBXGroup;
			children = (
				9E7972611D172FF900CC0B1E /* BlocNotes */,
				9EEC3EC01D26FEE8001753BE /* AddToBlocNotes */,
				9E7972601D172FF900CC0B1E /* Products */,
				9E79727F1D17368000CC0B1E /* CoreData.framework */,
			);
			sourceTree = "<group>";
		};
		9E7972601D172FF900CC0B1E /* Products */ = {
			isa = PBXGroup;
			children = (
				9E79725F1D172FF900CC0B1E /* BlocNotes.app */,
				9EEC3EBF1D26FEE8001753BE /* AddToBlocNotes.appex */,
			);
			name = Products;
			sourceTree = "<group>";
		};
		9E7972611D172FF900CC0B1E /* BlocNotes */ = {
			isa = PBXGroup;
			children = (
				9E47C9F31D29F95800B4EAD3 /* BlocNotes.entitlements */,
				9E7972871D184E5D00CC0B1E /* NoteEntryListViewController.h */,
				9E7972881D184E5D00CC0B1E /* NoteEntryListViewController.m */,
				9EDB0AA91D1B58DB0096D188 /* NoteEntry+CoreDataProperties.h */,
				9EDB0AAA1D1B58DB0096D188 /* NoteEntry+CoreDataProperties.m */,
				9E7972831D173AD200CC0B1E /* NoteEntry.h */,
				9E7972841D173AD200CC0B1E /* NoteEntry.m */,
				9E79728A1D18558F00CC0B1E /* NewEntryViewController.h */,
				9E79728B1D18558F00CC0B1E /* NewEntryViewController.m */,
				9E79727C1D1734DA00CC0B1E /* CoreDataStack.h */,
				9E79727D1D1734DA00CC0B1E /* CoreDataStack.m */,
				9E7972651D172FF900CC0B1E /* AppDelegate.h */,
				9E7972661D172FF900CC0B1E /* AppDelegate.m */,
				9EAFB0CD1D50EC6B00FF134B /* SettingsViewController.h */,
				9EAFB0CE1D50EC6B00FF134B /* SettingsViewController.m */,
				9E7972711D172FF900CC0B1E /* Assets.xcassets */,
				9E7972731D172FF900CC0B1E /* LaunchScreen.storyboard */,
				9E7972761D172FF900CC0B1E /* Info.plist */,
				9E79726E1D172FF900CC0B1E /* BlocNotes.xcdatamodeld */,
				9E7972621D172FF900CC0B1E /* Supporting Files */,
			);
			path = BlocNotes;
			sourceTree = "<group>";
		};
		9E7972621D172FF900CC0B1E /* Supporting Files */ = {
			isa = PBXGroup;
			children = (
				9E7972631D172FF900CC0B1E /* main.m */,
			);
			name = "Supporting Files";
			sourceTree = "<group>";
		};
		9EEC3EC01D26FEE8001753BE /* AddToBlocNotes */ = {
			isa = PBXGroup;
			children = (
				9E72D9DF1D29DEEB00F65145 /* AddToBlocNotes.entitlements */,
				9EEC3EC11D26FEE8001753BE /* ShareViewController.h */,
				9EEC3EC21D26FEE8001753BE /* ShareViewController.m */,
				9E617EAE1D497D5E00A39F4A /* Preprocessor.js */,
				9EEC3EC41D26FEE8001753BE /* MainInterface.storyboard */,
				9EEC3EC71D26FEE8001753BE /* Info.plist */,
			);
			path = AddToBlocNotes;
			sourceTree = "<group>";
		};
/* End PBXGroup section */

/* Begin PBXNativeTarget section */
		9E79725E1D172FF900CC0B1E /* BlocNotes */ = {
			isa = PBXNativeTarget;
			buildConfigurationList = 9E7972791D172FF900CC0B1E /* Build configuration list for PBXNativeTarget "BlocNotes" */;
			buildPhases = (
				9E79725B1D172FF900CC0B1E /* Sources */,
				9E79725C1D172FF900CC0B1E /* Frameworks */,
				9E79725D1D172FF900CC0B1E /* Resources */,
				9EEC3ECE1D26FEE8001753BE /* Embed App Extensions */,
			);
			buildRules = (
			);
			dependencies = (
				9EEC3EC91D26FEE8001753BE /* PBXTargetDependency */,
			);
			name = BlocNotes;
			productName = BlocNotes;
			productReference = 9E79725F1D172FF900CC0B1E /* BlocNotes.app */;
			productType = "com.apple.product-type.application";
		};
		9EEC3EBE1D26FEE8001753BE /* AddToBlocNotes */ = {
			isa = PBXNativeTarget;
			buildConfigurationList = 9EEC3ECD1D26FEE8001753BE /* Build configuration list for PBXNativeTarget "AddToBlocNotes" */;
			buildPhases = (
				9EEC3EBB1D26FEE8001753BE /* Sources */,
				9EEC3EBC1D26FEE8001753BE /* Frameworks */,
				9EEC3EBD1D26FEE8001753BE /* Resources */,
			);
			buildRules = (
			);
			dependencies = (
			);
			name = AddToBlocNotes;
			productName = AddToBlocNotes;
			productReference = 9EEC3EBF1D26FEE8001753BE /* AddToBlocNotes.appex */;
			productType = "com.apple.product-type.app-extension";
		};
/* End PBXNativeTarget section */

/* Begin PBXProject section */
		9E7972571D172FF900CC0B1E /* Project object */ = {
			isa = PBXProject;
			attributes = {
				LastUpgradeCheck = 0730;
				ORGANIZATIONNAME = JoLingenfelter;
				TargetAttributes = {
					9E79725E1D172FF900CC0B1E = {
						CreatedOnToolsVersion = 7.3.1;
						DevelopmentTeam = 2K6RX929EU;
						SystemCapabilities = {
							com.apple.ApplicationGroups.iOS = {
								enabled = 1;
							};
							com.apple.iCloud = {
								enabled = 0;
							};
						};
					};
					9EEC3EBE1D26FEE8001753BE = {
						CreatedOnToolsVersion = 7.3.1;
						DevelopmentTeam = 2K6RX929EU;
						SystemCapabilities = {
							com.apple.ApplicationGroups.iOS = {
								enabled = 1;
							};
						};
					};
				};
			};
			buildConfigurationList = 9E79725A1D172FF900CC0B1E /* Build configuration list for PBXProject "BlocNotes" */;
			compatibilityVersion = "Xcode 3.2";
			developmentRegion = English;
			hasScannedForEncodings = 0;
			knownRegions = (
				en,
				Base,
			);
			mainGroup = 9E7972561D172FF900CC0B1E;
			productRefGroup = 9E7972601D172FF900CC0B1E /* Products */;
			projectDirPath = "";
			projectRoot = "";
			targets = (
				9E79725E1D172FF900CC0B1E /* BlocNotes */,
				9EEC3EBE1D26FEE8001753BE /* AddToBlocNotes */,
			);
		};
/* End PBXProject section */

/* Begin PBXResourcesBuildPhase section */
		9E79725D1D172FF900CC0B1E /* Resources */ = {
			isa = PBXResourcesBuildPhase;
			buildActionMask = 2147483647;
			files = (
				9E7972751D172FF900CC0B1E /* LaunchScreen.storyboard in Resources */,
				9E7972721D172FF900CC0B1E /* Assets.xcassets in Resources */,
			);
			runOnlyForDeploymentPostprocessing = 0;
		};
		9EEC3EBD1D26FEE8001753BE /* Resources */ = {
			isa = PBXResourcesBuildPhase;
			buildActionMask = 2147483647;
			files = (
				9EEC3EC61D26FEE8001753BE /* MainInterface.storyboard in Resources */,
				9E617EAF1D497D5E00A39F4A /* Preprocessor.js in Resources */,
			);
			runOnlyForDeploymentPostprocessing = 0;
		};
/* End PBXResourcesBuildPhase section */

/* Begin PBXSourcesBuildPhase section */
		9E79725B1D172FF900CC0B1E /* Sources */ = {
			isa = PBXSourcesBuildPhase;
			buildActionMask = 2147483647;
			files = (
				9E79727E1D1734DA00CC0B1E /* CoreDataStack.m in Sources */,
				9E7972671D172FF900CC0B1E /* AppDelegate.m in Sources */,
				9E7972641D172FF900CC0B1E /* main.m in Sources */,
				9EAFB0CF1D50EC6B00FF134B /* SettingsViewController.m in Sources */,
				9E7972891D184E5D00CC0B1E /* NoteEntryListViewController.m in Sources */,
				9EDB0AAB1D1B58DB0096D188 /* NoteEntry+CoreDataProperties.m in Sources */,
				9E7972861D173AD200CC0B1E /* NoteEntry.m in Sources */,
				9E79728C1D18558F00CC0B1E /* NewEntryViewController.m in Sources */,
				9E7972701D172FF900CC0B1E /* BlocNotes.xcdatamodeld in Sources */,
			);
			runOnlyForDeploymentPostprocessing = 0;
		};
		9EEC3EBB1D26FEE8001753BE /* Sources */ = {
			isa = PBXSourcesBuildPhase;
			buildActionMask = 2147483647;
			files = (
				9EEC3EDB1D286C64001753BE /* NoteEntry.m in Sources */,
				9EEC3EDA1D286946001753BE /* CoreDataStack.m in Sources */,
				9EEC3ED91D28693F001753BE /* ShareViewController.m in Sources */,
				9E6E93E91D370B7D00181BED /* BlocNotes.xcdatamodeld in Sources */,
				9E6E93EA1D37156500181BED /* NewEntryViewController.m in Sources */,
			);
			runOnlyForDeploymentPostprocessing = 0;
		};
/* End PBXSourcesBuildPhase section */

/* Begin PBXTargetDependency section */
		9EEC3EC91D26FEE8001753BE /* PBXTargetDependency */ = {
			isa = PBXTargetDependency;
			target = 9EEC3EBE1D26FEE8001753BE /* AddToBlocNotes */;
			targetProxy = 9EEC3EC81D26FEE8001753BE /* PBXContainerItemProxy */;
		};
/* End PBXTargetDependency section */

/* Begin PBXVariantGroup section */
		9E7972731D172FF900CC0B1E /* LaunchScreen.storyboard */ = {
			isa = PBXVariantGroup;
			children = (
				9E7972741D172FF900CC0B1E /* Base */,
			);
			name = LaunchScreen.storyboard;
			sourceTree = "<group>";
		};
		9EEC3EC41D26FEE8001753BE /* MainInterface.storyboard */ = {
			isa = PBXVariantGroup;
			children = (
				9EEC3EC51D26FEE8001753BE /* Base */,
			);
			name = MainInterface.storyboard;
			sourceTree = "<group>";
		};
/* End PBXVariantGroup section */

/* Begin XCBuildConfiguration section */
		9E7972771D172FF900CC0B1E /* Debug */ = {
			isa = XCBuildConfiguration;
			buildSettings = {
				ALWAYS_SEARCH_USER_PATHS = NO;
				CLANG_ANALYZER_NONNULL = YES;
				CLANG_CXX_LANGUAGE_STANDARD = "gnu++0x";
				CLANG_CXX_LIBRARY = "libc++";
				CLANG_ENABLE_MODULES = YES;
				CLANG_ENABLE_OBJC_ARC = YES;
				CLANG_WARN_BOOL_CONVERSION = YES;
				CLANG_WARN_CONSTANT_CONVERSION = YES;
				CLANG_WARN_DIRECT_OBJC_ISA_USAGE = YES_ERROR;
				CLANG_WARN_EMPTY_BODY = YES;
				CLANG_WARN_ENUM_CONVERSION = YES;
				CLANG_WARN_INT_CONVERSION = YES;
				CLANG_WARN_OBJC_ROOT_CLASS = YES_ERROR;
				CLANG_WARN_UNREACHABLE_CODE = YES;
				CLANG_WARN__DUPLICATE_METHOD_MATCH = YES;
				"CODE_SIGN_IDENTITY[sdk=iphoneos*]" = "iPhone Developer";
				COPY_PHASE_STRIP = NO;
				DEBUG_INFORMATION_FORMAT = dwarf;
				ENABLE_STRICT_OBJC_MSGSEND = YES;
				ENABLE_TESTABILITY = YES;
				GCC_C_LANGUAGE_STANDARD = gnu99;
				GCC_DYNAMIC_NO_PIC = NO;
				GCC_NO_COMMON_BLOCKS = YES;
				GCC_OPTIMIZATION_LEVEL = 0;
				GCC_PREPROCESSOR_DEFINITIONS = (
					"DEBUG=1",
					"$(inherited)",
				);
				GCC_WARN_64_TO_32_BIT_CONVERSION = YES;
				GCC_WARN_ABOUT_RETURN_TYPE = YES_ERROR;
				GCC_WARN_UNDECLARED_SELECTOR = YES;
				GCC_WARN_UNINITIALIZED_AUTOS = YES_AGGRESSIVE;
				GCC_WARN_UNUSED_FUNCTION = YES;
				GCC_WARN_UNUSED_VARIABLE = YES;
				IPHONEOS_DEPLOYMENT_TARGET = 9.3;
				MTL_ENABLE_DEBUG_INFO = YES;
				ONLY_ACTIVE_ARCH = YES;
				SDKROOT = iphoneos;
				TARGETED_DEVICE_FAMILY = "1,2";
			};
			name = Debug;
		};
		9E7972781D172FF900CC0B1E /* Release */ = {
			isa = XCBuildConfiguration;
			buildSettings = {
				ALWAYS_SEARCH_USER_PATHS = NO;
				CLANG_ANALYZER_NONNULL = YES;
				CLANG_CXX_LANGUAGE_STANDARD = "gnu++0x";
				CLANG_CXX_LIBRARY = "libc++";
				CLANG_ENABLE_MODULES = YES;
				CLANG_ENABLE_OBJC_ARC = YES;
				CLANG_WARN_BOOL_CONVERSION = YES;
				CLANG_WARN_CONSTANT_CONVERSION = YES;
				CLANG_WARN_DIRECT_OBJC_ISA_USAGE = YES_ERROR;
				CLANG_WARN_EMPTY_BODY = YES;
				CLANG_WARN_ENUM_CONVERSION = YES;
				CLANG_WARN_INT_CONVERSION = YES;
				CLANG_WARN_OBJC_ROOT_CLASS = YES_ERROR;
				CLANG_WARN_UNREACHABLE_CODE = YES;
				CLANG_WARN__DUPLICATE_METHOD_MATCH = YES;
				"CODE_SIGN_IDENTITY[sdk=iphoneos*]" = "iPhone Developer";
				COPY_PHASE_STRIP = NO;
				DEBUG_INFORMATION_FORMAT = "dwarf-with-dsym";
				ENABLE_NS_ASSERTIONS = NO;
				ENABLE_STRICT_OBJC_MSGSEND = YES;
				GCC_C_LANGUAGE_STANDARD = gnu99;
				GCC_NO_COMMON_BLOCKS = YES;
				GCC_WARN_64_TO_32_BIT_CONVERSION = YES;
				GCC_WARN_ABOUT_RETURN_TYPE = YES_ERROR;
				GCC_WARN_UNDECLARED_SELECTOR = YES;
				GCC_WARN_UNINITIALIZED_AUTOS = YES_AGGRESSIVE;
				GCC_WARN_UNUSED_FUNCTION = YES;
				GCC_WARN_UNUSED_VARIABLE = YES;
				IPHONEOS_DEPLOYMENT_TARGET = 9.3;
				MTL_ENABLE_DEBUG_INFO = NO;
				SDKROOT = iphoneos;
				TARGETED_DEVICE_FAMILY = "1,2";
				VALIDATE_PRODUCT = YES;
			};
			name = Release;
		};
		9E79727A1D172FF900CC0B1E /* Debug */ = {
			isa = XCBuildConfiguration;
			buildSettings = {
				ASSETCATALOG_COMPILER_APPICON_NAME = AppIcon;
				CODE_SIGN_ENTITLEMENTS = BlocNotes/BlocNotes.entitlements;
				CODE_SIGN_IDENTITY = "iPhone Developer";
				"CODE_SIGN_IDENTITY[sdk=iphoneos*]" = "iPhone Developer";
				INFOPLIST_FILE = BlocNotes/Info.plist;
				LD_RUNPATH_SEARCH_PATHS = "$(inherited) @executable_path/Frameworks";
				PRODUCT_BUNDLE_IDENTIFIER = com.lingenfelter.BlocNotes;
				PRODUCT_NAME = "$(TARGET_NAME)";
				PROVISIONING_PROFILE = "";
			};
			name = Debug;
		};
		9E79727B1D172FF900CC0B1E /* Release */ = {
			isa = XCBuildConfiguration;
			buildSettings = {
				ASSETCATALOG_COMPILER_APPICON_NAME = AppIcon;
				CODE_SIGN_ENTITLEMENTS = BlocNotes/BlocNotes.entitlements;
				CODE_SIGN_IDENTITY = "iPhone Developer";
				"CODE_SIGN_IDENTITY[sdk=iphoneos*]" = "iPhone Developer";
				INFOPLIST_FILE = BlocNotes/Info.plist;
				LD_RUNPATH_SEARCH_PATHS = "$(inherited) @executable_path/Frameworks";
				PRODUCT_BUNDLE_IDENTIFIER = com.lingenfelter.BlocNotes;
				PRODUCT_NAME = "$(TARGET_NAME)";
				PROVISIONING_PROFILE = "";
			};
			name = Release;
		};
		9EEC3ECB1D26FEE8001753BE /* Debug */ = {
			isa = XCBuildConfiguration;
			buildSettings = {
				CODE_SIGN_ENTITLEMENTS = AddToBlocNotes/AddToBlocNotes.entitlements;
				CODE_SIGN_IDENTITY = "iPhone Developer";
				"CODE_SIGN_IDENTITY[sdk=iphoneos*]" = "iPhone Developer";
				INFOPLIST_FILE = AddToBlocNotes/Info.plist;
				LD_RUNPATH_SEARCH_PATHS = "$(inherited) @executable_path/Frameworks @executable_path/../../Frameworks";
				PRODUCT_BUNDLE_IDENTIFIER = com.lingenfelter.BlocNotes.AddToBlocNotes;
				PRODUCT_NAME = "$(TARGET_NAME)";
				SKIP_INSTALL = YES;
			};
			name = Debug;
		};
		9EEC3ECC1D26FEE8001753BE /* Release */ = {
			isa = XCBuildConfiguration;
			buildSettings = {
				CODE_SIGN_ENTITLEMENTS = AddToBlocNotes/AddToBlocNotes.entitlements;
				CODE_SIGN_IDENTITY = "iPhone Developer";
				"CODE_SIGN_IDENTITY[sdk=iphoneos*]" = "iPhone Developer";
				INFOPLIST_FILE = AddToBlocNotes/Info.plist;
				LD_RUNPATH_SEARCH_PATHS = "$(inherited) @executable_path/Frameworks @executable_path/../../Frameworks";
				PRODUCT_BUNDLE_IDENTIFIER = com.lingenfelter.BlocNotes.AddToBlocNotes;
				PRODUCT_NAME = "$(TARGET_NAME)";
				SKIP_INSTALL = YES;
			};
			name = Release;
		};
/* End XCBuildConfiguration section */

/* Begin XCConfigurationList section */
		9E79725A1D172FF900CC0B1E /* Build configuration list for PBXProject "BlocNotes" */ = {
			isa = XCConfigurationList;
			buildConfigurations = (
				9E7972771D172FF900CC0B1E /* Debug */,
				9E7972781D172FF900CC0B1E /* Release */,
			);
			defaultConfigurationIsVisible = 0;
			defaultConfigurationName = Release;
		};
		9E7972791D172FF900CC0B1E /* Build configuration list for PBXNativeTarget "BlocNotes" */ = {
			isa = XCConfigurationList;
			buildConfigurations = (
				9E79727A1D172FF900CC0B1E /* Debug */,
				9E79727B1D172FF900CC0B1E /* Release */,
			);
			defaultConfigurationIsVisible = 0;
			defaultConfigurationName = Release;
		};
		9EEC3ECD1D26FEE8001753BE /* Build configuration list for PBXNativeTarget "AddToBlocNotes" */ = {
			isa = XCConfigurationList;
			buildConfigurations = (
				9EEC3ECB1D26FEE8001753BE /* Debug */,
				9EEC3ECC1D26FEE8001753BE /* Release */,
			);
			defaultConfigurationIsVisible = 0;
			defaultConfigurationName = Release;
		};
/* End XCConfigurationList section */

/* Begin XCVersionGroup section */
		9E79726E1D172FF900CC0B1E /* BlocNotes.xcdatamodeld */ = {
			isa = XCVersionGroup;
			children = (
				9EDB0AA81D1B21B20096D188 /* BlocNotes 2.xcdatamodel */,
				9E79726F1D172FF900CC0B1E /* BlocNotes.xcdatamodel */,
			);
			currentVersion = 9EDB0AA81D1B21B20096D188 /* BlocNotes 2.xcdatamodel */;
			path = BlocNotes.xcdatamodeld;
			sourceTree = "<group>";
			versionGroupType = wrapper.xcdatamodel;
		};
/* End XCVersionGroup section */
	};
	rootObject = 9E7972571D172FF900CC0B1E /* Project object */;
}
